{
  "name": "replayapp",
  "version": "0.0.1",
  "lockfileVersion": 1,
  "requires": true,
  "dependencies": {
    "analytics-react-native": {
      "version": "1.2.0",
      "resolved": "https://registry.npmjs.org/analytics-react-native/-/analytics-react-native-1.2.0.tgz",
      "integrity": "sha512-ppgJZjnsXMS5YMnYNEXm4LMxpoq08ghkz8l0wX+ECTKICkmP8t+KqKSy0sxCzbrltUyDEJLHOfOkeBr8Ieo7CA==",
      "requires": {
        "base-64": "0.1.0",
        "type-of": "2.0.1"
      }
    },
    "base-64": {
      "version": "0.1.0",
      "resolved": "https://registry.npmjs.org/base-64/-/base-64-0.1.0.tgz",
      "integrity": "sha1-eAqZyE59YAJgNhURxId2E78k9rs="
    },
    "react-native-scrollable-tab-view": {
      "version": "0.6.7",
      "resolved": "https://registry.npmjs.org/react-native-scrollable-tab-view/-/react-native-scrollable-tab-view-0.6.7.tgz",
      "integrity": "sha1-Ol/opL1bx+sCPzBgmTI7vZzChKI=",
      "requires": {
        "react-timer-mixin": "0.13.3"
      }
    },
    "react-timer-mixin": {
      "version": "0.13.3",
      "resolved": "https://registry.npmjs.org/react-timer-mixin/-/react-timer-mixin-0.13.3.tgz",
      "integrity": "sha1-Dai5+AfsB9w+hU0ILHN8ZWBbPSI="
    },
    "type-of": {
      "version": "2.0.1",
      "resolved": "https://registry.npmjs.org/type-of/-/type-of-2.0.1.tgz",
      "integrity": "sha1-5yoXQYllaOn2KDeNgW1pEvfyOXI="
    }
  }
}
