{
  "name": "replayapp",
  "version": "0.0.1",
  "lockfileVersion": 1,
  "dependencies": {
    "react-native-scrollable-tab-view": {
      "version": "0.6.7",
      "resolved": "https://registry.npmjs.org/react-native-scrollable-tab-view/-/react-native-scrollable-tab-view-0.6.7.tgz",
      "integrity": "sha1-Ol/opL1bx+sCPzBgmTI7vZzChKI="
    },
    "react-timer-mixin": {
      "version": "0.13.3",
      "resolved": "https://registry.npmjs.org/react-timer-mixin/-/react-timer-mixin-0.13.3.tgz",
      "integrity": "sha1-Dai5+AfsB9w+hU0ILHN8ZWBbPSI="
    }
  }
}
